
Microsoft Visual Studio Solution File, Format Version 12.00
# Visual Studio Version 17
VisualStudioVersion = 17.0.31919.166
MinimumVisualStudioVersion = 10.0.40219.1
Project("{9A19103F-16F7-4668-BE54-9A1E7A4F7556}") = "DayOne", "DayOnePartOne\DayOne.csproj", "{A9A24F06-8D34-4533-A6D1-EBDA269C3ACC}"
EndProject
Project("{9A19103F-16F7-4668-BE54-9A1E7A4F7556}") = "Common", "Common\Common.csproj", "{FCB66C4E-F00C-4E09-99FD-76EECE0DFCC8}"
EndProject
Project("{9A19103F-16F7-4668-BE54-9A1E7A4F7556}") = "DayTwo", "DayTwo\DayTwo.csproj", "{D582C55D-AC54-46B4-864E-6B7E8DF03554}"
EndProject
Project("{9A19103F-16F7-4668-BE54-9A1E7A4F7556}") = "DayThree", "DayThree\DayThree.csproj", "{311D032C-3F52-4787-98A8-01B520F97DB7}"
EndProject
Project("{9A19103F-16F7-4668-BE54-9A1E7A4F7556}") = "DayFour", "DayFour\DayFour.csproj", "{E5D7439E-9CA0-4FE2-BB1B-9E6FA1059961}"
EndProject
Project("{9A19103F-16F7-4668-BE54-9A1E7A4F7556}") = "DayFive", "DayFive\DayFive.csproj", "{E5A4F839-FAB4-43E7-84FD-8ADE91B289C4}"
EndProject
Project("{9A19103F-16F7-4668-BE54-9A1E7A4F7556}") = "DaySix", "DaySix\DaySix.csproj", "{3BE2F1AC-095E-4A06-A631-33DE412F0BDC}"
EndProject
Project("{9A19103F-16F7-4668-BE54-9A1E7A4F7556}") = "DaySeven", "DaySeven\DaySeven.csproj", "{85B3DAF0-625B-4C7B-B4AC-27C50EE2CB0B}"
EndProject
Project("{9A19103F-16F7-4668-BE54-9A1E7A4F7556}") = "DayEight", "DayEight\DayEight.csproj", "{45442217-9113-4131-A9A0-8BE18218B1C4}"
EndProject
Project("{9A19103F-16F7-4668-BE54-9A1E7A4F7556}") = "DayNine", "DayNine\DayNine.csproj", "{1FD4733B-D9DF-4C91-AB50-CA2637A96CEC}"
EndProject
Project("{9A19103F-16F7-4668-BE54-9A1E7A4F7556}") = "DayTen", "DayTen\DayTen.csproj", "{873F72B8-EAEF-434A-B506-B3E1C5FB899B}"
EndProject
Project("{9A19103F-16F7-4668-BE54-9A1E7A4F7556}") = "DayEleven", "DayEleven\DayEleven.csproj", "{ECBFBE6C-2B06-4BDF-A669-8E7D04EC318E}"
EndProject
Project("{9A19103F-16F7-4668-BE54-9A1E7A4F7556}") = "DayTwelve", "DayTwelve\DayTwelve.csproj", "{CB8B5B7A-4E5F-4796-9588-112D9FD0F886}"
EndProject
Project("{9A19103F-16F7-4668-BE54-9A1E7A4F7556}") = "DayThirteen", "DayThirteen\DayThirteen.csproj", "{3A1D57F9-641C-4A4A-A217-3C87EBA9416D}"
EndProject
Project("{9A19103F-16F7-4668-BE54-9A1E7A4F7556}") = "DayFourteen", "DayFourteen\DayFourteen.csproj", "{DF2370D6-2C5D-4370-B41D-365AD73344C4}"
EndProject
Project("{9A19103F-16F7-4668-BE54-9A1E7A4F7556}") = "DayFourteenCompilerBug", "DayFourteenCompilerBug\DayFourteenCompilerBug.csproj", "{68BC981C-813E-4A54-9535-A5F4DE5337D3}"
EndProject
Project("{FAE04EC0-301F-11D3-BF4B-00C04F79EFBC}") = "DayFifteen", "DayFifteen\DayFifteen.csproj", "{D4E890DD-AEC2-4FAE-85CB-7C572A8F6F10}"
EndProject
Global
	GlobalSection(SolutionConfigurationPlatforms) = preSolution
		Debug|Any CPU = Debug|Any CPU
		Release|Any CPU = Release|Any CPU
	EndGlobalSection
	GlobalSection(ProjectConfigurationPlatforms) = postSolution
		{A9A24F06-8D34-4533-A6D1-EBDA269C3ACC}.Debug|Any CPU.ActiveCfg = Debug|Any CPU
		{A9A24F06-8D34-4533-A6D1-EBDA269C3ACC}.Debug|Any CPU.Build.0 = Debug|Any CPU
		{A9A24F06-8D34-4533-A6D1-EBDA269C3ACC}.Release|Any CPU.ActiveCfg = Release|Any CPU
		{A9A24F06-8D34-4533-A6D1-EBDA269C3ACC}.Release|Any CPU.Build.0 = Release|Any CPU
		{FCB66C4E-F00C-4E09-99FD-76EECE0DFCC8}.Debug|Any CPU.ActiveCfg = Debug|Any CPU
		{FCB66C4E-F00C-4E09-99FD-76EECE0DFCC8}.Debug|Any CPU.Build.0 = Debug|Any CPU
		{FCB66C4E-F00C-4E09-99FD-76EECE0DFCC8}.Release|Any CPU.ActiveCfg = Release|Any CPU
		{FCB66C4E-F00C-4E09-99FD-76EECE0DFCC8}.Release|Any CPU.Build.0 = Release|Any CPU
		{D582C55D-AC54-46B4-864E-6B7E8DF03554}.Debug|Any CPU.ActiveCfg = Debug|Any CPU
		{D582C55D-AC54-46B4-864E-6B7E8DF03554}.Debug|Any CPU.Build.0 = Debug|Any CPU
		{D582C55D-AC54-46B4-864E-6B7E8DF03554}.Release|Any CPU.ActiveCfg = Release|Any CPU
		{D582C55D-AC54-46B4-864E-6B7E8DF03554}.Release|Any CPU.Build.0 = Release|Any CPU
		{311D032C-3F52-4787-98A8-01B520F97DB7}.Debug|Any CPU.ActiveCfg = Debug|Any CPU
		{311D032C-3F52-4787-98A8-01B520F97DB7}.Debug|Any CPU.Build.0 = Debug|Any CPU
		{311D032C-3F52-4787-98A8-01B520F97DB7}.Release|Any CPU.ActiveCfg = Release|Any CPU
		{311D032C-3F52-4787-98A8-01B520F97DB7}.Release|Any CPU.Build.0 = Release|Any CPU
		{E5D7439E-9CA0-4FE2-BB1B-9E6FA1059961}.Debug|Any CPU.ActiveCfg = Debug|Any CPU
		{E5D7439E-9CA0-4FE2-BB1B-9E6FA1059961}.Debug|Any CPU.Build.0 = Debug|Any CPU
		{E5D7439E-9CA0-4FE2-BB1B-9E6FA1059961}.Release|Any CPU.ActiveCfg = Release|Any CPU
		{E5D7439E-9CA0-4FE2-BB1B-9E6FA1059961}.Release|Any CPU.Build.0 = Release|Any CPU
		{E5A4F839-FAB4-43E7-84FD-8ADE91B289C4}.Debug|Any CPU.ActiveCfg = Debug|Any CPU
		{E5A4F839-FAB4-43E7-84FD-8ADE91B289C4}.Debug|Any CPU.Build.0 = Debug|Any CPU
		{E5A4F839-FAB4-43E7-84FD-8ADE91B289C4}.Release|Any CPU.ActiveCfg = Release|Any CPU
		{E5A4F839-FAB4-43E7-84FD-8ADE91B289C4}.Release|Any CPU.Build.0 = Release|Any CPU
		{3BE2F1AC-095E-4A06-A631-33DE412F0BDC}.Debug|Any CPU.ActiveCfg = Debug|Any CPU
		{3BE2F1AC-095E-4A06-A631-33DE412F0BDC}.Debug|Any CPU.Build.0 = Debug|Any CPU
		{3BE2F1AC-095E-4A06-A631-33DE412F0BDC}.Release|Any CPU.ActiveCfg = Release|Any CPU
		{3BE2F1AC-095E-4A06-A631-33DE412F0BDC}.Release|Any CPU.Build.0 = Release|Any CPU
		{85B3DAF0-625B-4C7B-B4AC-27C50EE2CB0B}.Debug|Any CPU.ActiveCfg = Debug|Any CPU
		{85B3DAF0-625B-4C7B-B4AC-27C50EE2CB0B}.Debug|Any CPU.Build.0 = Debug|Any CPU
		{85B3DAF0-625B-4C7B-B4AC-27C50EE2CB0B}.Release|Any CPU.ActiveCfg = Release|Any CPU
		{85B3DAF0-625B-4C7B-B4AC-27C50EE2CB0B}.Release|Any CPU.Build.0 = Release|Any CPU
		{45442217-9113-4131-A9A0-8BE18218B1C4}.Debug|Any CPU.ActiveCfg = Debug|Any CPU
		{45442217-9113-4131-A9A0-8BE18218B1C4}.Debug|Any CPU.Build.0 = Debug|Any CPU
		{45442217-9113-4131-A9A0-8BE18218B1C4}.Release|Any CPU.ActiveCfg = Release|Any CPU
		{45442217-9113-4131-A9A0-8BE18218B1C4}.Release|Any CPU.Build.0 = Release|Any CPU
		{1FD4733B-D9DF-4C91-AB50-CA2637A96CEC}.Debug|Any CPU.ActiveCfg = Debug|Any CPU
		{1FD4733B-D9DF-4C91-AB50-CA2637A96CEC}.Debug|Any CPU.Build.0 = Debug|Any CPU
		{1FD4733B-D9DF-4C91-AB50-CA2637A96CEC}.Release|Any CPU.ActiveCfg = Release|Any CPU
		{1FD4733B-D9DF-4C91-AB50-CA2637A96CEC}.Release|Any CPU.Build.0 = Release|Any CPU
		{873F72B8-EAEF-434A-B506-B3E1C5FB899B}.Debug|Any CPU.ActiveCfg = Debug|Any CPU
		{873F72B8-EAEF-434A-B506-B3E1C5FB899B}.Debug|Any CPU.Build.0 = Debug|Any CPU
		{873F72B8-EAEF-434A-B506-B3E1C5FB899B}.Release|Any CPU.ActiveCfg = Release|Any CPU
		{873F72B8-EAEF-434A-B506-B3E1C5FB899B}.Release|Any CPU.Build.0 = Release|Any CPU
		{ECBFBE6C-2B06-4BDF-A669-8E7D04EC318E}.Debug|Any CPU.ActiveCfg = Debug|Any CPU
		{ECBFBE6C-2B06-4BDF-A669-8E7D04EC318E}.Debug|Any CPU.Build.0 = Debug|Any CPU
		{ECBFBE6C-2B06-4BDF-A669-8E7D04EC318E}.Release|Any CPU.ActiveCfg = Release|Any CPU
		{ECBFBE6C-2B06-4BDF-A669-8E7D04EC318E}.Release|Any CPU.Build.0 = Release|Any CPU
		{CB8B5B7A-4E5F-4796-9588-112D9FD0F886}.Debug|Any CPU.ActiveCfg = Debug|Any CPU
		{CB8B5B7A-4E5F-4796-9588-112D9FD0F886}.Debug|Any CPU.Build.0 = Debug|Any CPU
		{CB8B5B7A-4E5F-4796-9588-112D9FD0F886}.Release|Any CPU.ActiveCfg = Release|Any CPU
		{CB8B5B7A-4E5F-4796-9588-112D9FD0F886}.Release|Any CPU.Build.0 = Release|Any CPU
		{3A1D57F9-641C-4A4A-A217-3C87EBA9416D}.Debug|Any CPU.ActiveCfg = Debug|Any CPU
		{3A1D57F9-641C-4A4A-A217-3C87EBA9416D}.Debug|Any CPU.Build.0 = Debug|Any CPU
		{3A1D57F9-641C-4A4A-A217-3C87EBA9416D}.Release|Any CPU.ActiveCfg = Release|Any CPU
		{3A1D57F9-641C-4A4A-A217-3C87EBA9416D}.Release|Any CPU.Build.0 = Release|Any CPU
		{DF2370D6-2C5D-4370-B41D-365AD73344C4}.Debug|Any CPU.ActiveCfg = Debug|Any CPU
		{DF2370D6-2C5D-4370-B41D-365AD73344C4}.Debug|Any CPU.Build.0 = Debug|Any CPU
		{DF2370D6-2C5D-4370-B41D-365AD73344C4}.Release|Any CPU.ActiveCfg = Release|Any CPU
		{DF2370D6-2C5D-4370-B41D-365AD73344C4}.Release|Any CPU.Build.0 = Release|Any CPU
		{68BC981C-813E-4A54-9535-A5F4DE5337D3}.Debug|Any CPU.ActiveCfg = Debug|Any CPU
		{68BC981C-813E-4A54-9535-A5F4DE5337D3}.Debug|Any CPU.Build.0 = Debug|Any CPU
		{68BC981C-813E-4A54-9535-A5F4DE5337D3}.Release|Any CPU.ActiveCfg = Release|Any CPU
		{68BC981C-813E-4A54-9535-A5F4DE5337D3}.Release|Any CPU.Build.0 = Release|Any CPU
		{D4E890DD-AEC2-4FAE-85CB-7C572A8F6F10}.Debug|Any CPU.ActiveCfg = Debug|Any CPU
		{D4E890DD-AEC2-4FAE-85CB-7C572A8F6F10}.Debug|Any CPU.Build.0 = Debug|Any CPU
		{D4E890DD-AEC2-4FAE-85CB-7C572A8F6F10}.Release|Any CPU.ActiveCfg = Release|Any CPU
		{D4E890DD-AEC2-4FAE-85CB-7C572A8F6F10}.Release|Any CPU.Build.0 = Release|Any CPU
	EndGlobalSection
	GlobalSection(SolutionProperties) = preSolution
		HideSolutionNode = FALSE
	EndGlobalSection
	GlobalSection(ExtensibilityGlobals) = postSolution
		SolutionGuid = {9A2D1AB2-42E5-4826-A992-B1D2AC5E3D20}
	EndGlobalSection
EndGlobal
